
Microsoft Visual Studio Solution File, Format Version 12.00
# Visual Studio 15
VisualStudioVersion = 15.0.28307.421
MinimumVisualStudioVersion = 10.0.40219.1
Project("{FAE04EC0-301F-11D3-BF4B-00C04F79EFBC}") = "Planets-Ships", "Planets-Ships\Planets-Ships.csproj", "{2B7D0E39-9C98-41A5-B92D-5C56E4FF553A}"
EndProject
Global
	GlobalSection(SolutionConfigurationPlatforms) = preSolution
		Debug|Any CPU = Debug|Any CPU
		Release|Any CPU = Release|Any CPU
	EndGlobalSection
	GlobalSection(ProjectConfigurationPlatforms) = postSolution
		{2B7D0E39-9C98-41A5-B92D-5C56E4FF553A}.Debug|Any CPU.ActiveCfg = Debug|Any CPU
		{2B7D0E39-9C98-41A5-B92D-5C56E4FF553A}.Debug|Any CPU.Build.0 = Debug|Any CPU
		{2B7D0E39-9C98-41A5-B92D-5C56E4FF553A}.Release|Any CPU.ActiveCfg = Release|Any CPU
		{2B7D0E39-9C98-41A5-B92D-5C56E4FF553A}.Release|Any CPU.Build.0 = Release|Any CPU
	EndGlobalSection
	GlobalSection(SolutionProperties) = preSolution
		HideSolutionNode = FALSE
	EndGlobalSection
	GlobalSection(ExtensibilityGlobals) = postSolution
		SolutionGuid = {5A095A60-5D18-44D7-8E19-F834D2225D1B}
	EndGlobalSection
EndGlobal
